
Microsoft Visual Studio Solution File, Format Version 12.00
# Visual Studio Version 16
VisualStudioVersion = 16.0.28803.202
MinimumVisualStudioVersion = 10.0.40219.1
Project("{8BC9CEB8-8B4A-11D0-8D11-00A0C91BC942}") = "Chuprov_Maxim_IB11", "Chuprov_Maxim_IB11.vcxproj", "{32DDE78C-7E6C-4628-B68D-C27AEFB1334D}"
EndProject
Global
	GlobalSection(SolutionConfigurationPlatforms) = preSolution
		Debug|x64 = Debug|x64
		Debug|x86 = Debug|x86
		Release|x64 = Release|x64
		Release|x86 = Release|x86
	EndGlobalSection
	GlobalSection(ProjectConfigurationPlatforms) = postSolution
		{32DDE78C-7E6C-4628-B68D-C27AEFB1334D}.Debug|x64.ActiveCfg = Debug|x64
		{32DDE78C-7E6C-4628-B68D-C27AEFB1334D}.Debug|x64.Build.0 = Debug|x64
		{32DDE78C-7E6C-4628-B68D-C27AEFB1334D}.Debug|x86.ActiveCfg = Debug|Win32
		{32DDE78C-7E6C-4628-B68D-C27AEFB1334D}.Debug|x86.Build.0 = Debug|Win32
		{32DDE78C-7E6C-4628-B68D-C27AEFB1334D}.Release|x64.ActiveCfg = Release|x64
		{32DDE78C-7E6C-4628-B68D-C27AEFB1334D}.Release|x64.Build.0 = Release|x64
		{32DDE78C-7E6C-4628-B68D-C27AEFB1334D}.Release|x86.ActiveCfg = Release|Win32
		{32DDE78C-7E6C-4628-B68D-C27AEFB1334D}.Release|x86.Build.0 = Release|Win32
	EndGlobalSection
	GlobalSection(SolutionProperties) = preSolution
		HideSolutionNode = FALSE
	EndGlobalSection
	GlobalSection(ExtensibilityGlobals) = postSolution
		SolutionGuid = {6DB0D948-699D-4228-BB3C-5C9D42A9E0E8}
	EndGlobalSection
EndGlobal
